
Microsoft Visual Studio Solution File, Format Version 12.00
# Visual Studio Version 16
VisualStudioVersion = 16.0.32106.194
MinimumVisualStudioVersion = 10.0.40219.1
Project("{FAE04EC0-301F-11D3-BF4B-00C04F79EFBC}") = "ISM3232 Final Project", "ISM3232 Final Project.csproj", "{ECD11E97-7EFA-4F1D-9300-C68D47AD30A8}"
EndProject
Global
	GlobalSection(SolutionConfigurationPlatforms) = preSolution
		Debug|Any CPU = Debug|Any CPU
		Release|Any CPU = Release|Any CPU
	EndGlobalSection
	GlobalSection(ProjectConfigurationPlatforms) = postSolution
		{ECD11E97-7EFA-4F1D-9300-C68D47AD30A8}.Debug|Any CPU.ActiveCfg = Debug|Any CPU
		{ECD11E97-7EFA-4F1D-9300-C68D47AD30A8}.Debug|Any CPU.Build.0 = Debug|Any CPU
		{ECD11E97-7EFA-4F1D-9300-C68D47AD30A8}.Release|Any CPU.ActiveCfg = Release|Any CPU
		{ECD11E97-7EFA-4F1D-9300-C68D47AD30A8}.Release|Any CPU.Build.0 = Release|Any CPU
	EndGlobalSection
	GlobalSection(SolutionProperties) = preSolution
		HideSolutionNode = FALSE
	EndGlobalSection
	GlobalSection(ExtensibilityGlobals) = postSolution
		SolutionGuid = {2F3DC7F9-DB0D-4E77-85F7-C1C0729130C9}
	EndGlobalSection
EndGlobal
